// !$*UTF8*$!
{
	archiveVersion = 1;
	classes = {
	};
	objectVersion = 50;
	objects = {

/* Begin PBXBuildFile section */
		13800CCE3F10FF846B074459 /* Pods_PickUp.framework in Frameworks */ = {isa = PBXBuildFile; fileRef = 492D18D32500714050A0AA34 /* Pods_PickUp.framework */; };
		2528905E213B58BC002A189B /* Assets.xcassets in Resources */ = {isa = PBXBuildFile; fileRef = 259B4BD720EF7DC2001DBB23 /* Assets.xcassets */; };
		252C22542120B2070033814F /* GenderCheckboxesView.swift in Sources */ = {isa = PBXBuildFile; fileRef = 252C22532120B2070033814F /* GenderCheckboxesView.swift */; };
		252FD9FF211B4EF2005175EB /* UIColor.swift in Sources */ = {isa = PBXBuildFile; fileRef = 252FD9FE211B4EF2005175EB /* UIColor.swift */; };
		253388DD2113A4C0005FBAD7 /* ControllersFactory.swift in Sources */ = {isa = PBXBuildFile; fileRef = 253388DC2113A4C0005FBAD7 /* ControllersFactory.swift */; };
		253388DF2113AAD9005FBAD7 /* BaseViewController.swift in Sources */ = {isa = PBXBuildFile; fileRef = 253388DE2113AAD9005FBAD7 /* BaseViewController.swift */; };
		2536C4F6212DE0310005A7EA /* ShakeAnimationView.swift in Sources */ = {isa = PBXBuildFile; fileRef = 2536C4F5212DE0310005A7EA /* ShakeAnimationView.swift */; };
		253CCA32212C97BC00C4AFED /* Event.swift in Sources */ = {isa = PBXBuildFile; fileRef = 253CCA31212C97BC00C4AFED /* Event.swift */; };
		253D92CD211B6D3500E381D2 /* ShadowRoundedView.swift in Sources */ = {isa = PBXBuildFile; fileRef = 253D92CC211B6D3500E381D2 /* ShadowRoundedView.swift */; };
		253D92CF211B7CC900E381D2 /* GradientView.swift in Sources */ = {isa = PBXBuildFile; fileRef = 253D92CE211B7CC900E381D2 /* GradientView.swift */; };
		253D92D1211C9D6900E381D2 /* RegisterViewController.swift in Sources */ = {isa = PBXBuildFile; fileRef = 253D92D0211C9D6900E381D2 /* RegisterViewController.swift */; };
		2542C9E6213C007100FCF041 /* ProfileImageView.swift in Sources */ = {isa = PBXBuildFile; fileRef = 2542C9E5213C007100FCF041 /* ProfileImageView.swift */; };
		2542C9EA213C0EE600FCF041 /* LeftSidePanelTableViewCell.swift in Sources */ = {isa = PBXBuildFile; fileRef = 2542C9E8213C0EE600FCF041 /* LeftSidePanelTableViewCell.swift */; };
		2542C9EB213C0EE600FCF041 /* LeftSidePanelTableViewCell.xib in Resources */ = {isa = PBXBuildFile; fileRef = 2542C9E9213C0EE600FCF041 /* LeftSidePanelTableViewCell.xib */; };
		2542C9ED213C10DE00FCF041 /* Constants.swift in Sources */ = {isa = PBXBuildFile; fileRef = 2542C9EC213C10DE00FCF041 /* Constants.swift */; };
		2542C9EE213C14CE00FCF041 /* ProfileImageView.xib in Resources */ = {isa = PBXBuildFile; fileRef = 2542C9F0213C14CE00FCF041 /* ProfileImageView.xib */; };
		2542C9F4213C183600FCF041 /* MenuItem.swift in Sources */ = {isa = PBXBuildFile; fileRef = 2542C9F3213C183600FCF041 /* MenuItem.swift */; };
		2542C9F6213C5FFE00FCF041 /* ProfileViewController.swift in Sources */ = {isa = PBXBuildFile; fileRef = 2542C9F5213C5FFE00FCF041 /* ProfileViewController.swift */; };
		2548FEBA2124A7F800B881F5 /* ResetPasswordViewController.swift in Sources */ = {isa = PBXBuildFile; fileRef = 2548FEB92124A7F800B881F5 /* ResetPasswordViewController.swift */; };
		2548FEBC2124AF2900B881F5 /* PresentDetail.swift in Sources */ = {isa = PBXBuildFile; fileRef = 2548FEBB2124AF2900B881F5 /* PresentDetail.swift */; };
		2548FEBE2125F16600B881F5 /* LoginViewController.swift in Sources */ = {isa = PBXBuildFile; fileRef = 2548FEBD2125F16600B881F5 /* LoginViewController.swift */; };
		2559B82D21283101006A5E5E /* Settings.swift in Sources */ = {isa = PBXBuildFile; fileRef = 2559B82C21283101006A5E5E /* Settings.swift */; };
		2559B82F21283170006A5E5E /* UserService.swift in Sources */ = {isa = PBXBuildFile; fileRef = 2559B82E21283170006A5E5E /* UserService.swift */; };
		2559B83121283348006A5E5E /* AuthService.swift in Sources */ = {isa = PBXBuildFile; fileRef = 2559B83021283348006A5E5E /* AuthService.swift */; };
		2559B833212836B6006A5E5E /* RegistrationViewModel.swift in Sources */ = {isa = PBXBuildFile; fileRef = 2559B832212836B6006A5E5E /* RegistrationViewModel.swift */; };
		256896992131BB4A0087E6E0 /* Localizable.strings in Resources */ = {isa = PBXBuildFile; fileRef = 256896972131BB4A0087E6E0 /* Localizable.strings */; };
		2568969B2131BD3A0087E6E0 /* GenderCheckboxes.xib in Resources */ = {isa = PBXBuildFile; fileRef = 2568969D2131BD3A0087E6E0 /* GenderCheckboxes.xib */; };
		256896A12131CB350087E6E0 /* LoginViewModel.swift in Sources */ = {isa = PBXBuildFile; fileRef = 256896A02131CB350087E6E0 /* LoginViewModel.swift */; };
		256DD55B210F96310097818E /* MainViewController.swift in Sources */ = {isa = PBXBuildFile; fileRef = 256DD55A210F96310097818E /* MainViewController.swift */; };
		2574865720F369D600FB3DF1 /* GoogleService-Info.plist in Resources */ = {isa = PBXBuildFile; fileRef = 2574865620F369D600FB3DF1 /* GoogleService-Info.plist */; };
		257BCD85213475EB007D57D4 /* ResetPasswordViewModel.swift in Sources */ = {isa = PBXBuildFile; fileRef = 257BCD84213475EB007D57D4 /* ResetPasswordViewModel.swift */; };
		258262AA213AD51B0004CA11 /* SlideMenuViewController.swift in Sources */ = {isa = PBXBuildFile; fileRef = 258262A9213AD51B0004CA11 /* SlideMenuViewController.swift */; };
		258262AC213AD5D40004CA11 /* LeftSidePanelViewController.swift in Sources */ = {isa = PBXBuildFile; fileRef = 258262AB213AD5D40004CA11 /* LeftSidePanelViewController.swift */; };
		258262AE213AD81C0004CA11 /* CenterViewControllerDelegate.swift in Sources */ = {isa = PBXBuildFile; fileRef = 258262AD213AD81C0004CA11 /* CenterViewControllerDelegate.swift */; };
		258262B0213B0A210004CA11 /* FadeToView.swift in Sources */ = {isa = PBXBuildFile; fileRef = 258262AF213B0A210004CA11 /* FadeToView.swift */; };
		259B4BD120EF7DC2001DBB23 /* AppDelegate.swift in Sources */ = {isa = PBXBuildFile; fileRef = 259B4BD020EF7DC2001DBB23 /* AppDelegate.swift */; };
		259B4BDB20EF7DC2001DBB23 /* LaunchScreen.storyboard in Resources */ = {isa = PBXBuildFile; fileRef = 259B4BD920EF7DC2001DBB23 /* LaunchScreen.storyboard */; };
		259B4BE620EF7DC3001DBB23 /* PickUpTests.swift in Sources */ = {isa = PBXBuildFile; fileRef = 259B4BE520EF7DC3001DBB23 /* PickUpTests.swift */; };
		25A51BD3213ACA6D00487501 /* MapViewController.swift in Sources */ = {isa = PBXBuildFile; fileRef = 25A51BD2213ACA6D00487501 /* MapViewController.swift */; };
		25CF9187211CC4B9009BD14C /* AddBorderToEdgeView.swift in Sources */ = {isa = PBXBuildFile; fileRef = 25CF9186211CC4B9009BD14C /* AddBorderToEdgeView.swift */; };
		25CF918E211CD21F009BD14C /* InitViewFromNIB.swift in Sources */ = {isa = PBXBuildFile; fileRef = 25CF918D211CD21F009BD14C /* InitViewFromNIB.swift */; };
		BCBA09A189A51CC8D284CBB9 /* Pods_PickUpTests.framework in Frameworks */ = {isa = PBXBuildFile; fileRef = 44E0496C3048BAF6499F2CA3 /* Pods_PickUpTests.framework */; };
/* End PBXBuildFile section */

/* Begin PBXContainerItemProxy section */
		259B4BE220EF7DC3001DBB23 /* PBXContainerItemProxy */ = {
			isa = PBXContainerItemProxy;
			containerPortal = 259B4BC520EF7DC2001DBB23 /* Project object */;
			proxyType = 1;
			remoteGlobalIDString = 259B4BCC20EF7DC2001DBB23;
			remoteInfo = PickUp;
		};
/* End PBXContainerItemProxy section */

/* Begin PBXFileReference section */
		252C22532120B2070033814F /* GenderCheckboxesView.swift */ = {isa = PBXFileReference; lastKnownFileType = sourcecode.swift; path = GenderCheckboxesView.swift; sourceTree = "<group>"; };
		252FD9FE211B4EF2005175EB /* UIColor.swift */ = {isa = PBXFileReference; lastKnownFileType = sourcecode.swift; path = UIColor.swift; sourceTree = "<group>"; };
		253388DC2113A4C0005FBAD7 /* ControllersFactory.swift */ = {isa = PBXFileReference; lastKnownFileType = sourcecode.swift; path = ControllersFactory.swift; sourceTree = "<group>"; };
		253388DE2113AAD9005FBAD7 /* BaseViewController.swift */ = {isa = PBXFileReference; lastKnownFileType = sourcecode.swift; path = BaseViewController.swift; sourceTree = "<group>"; };
		2536C4F5212DE0310005A7EA /* ShakeAnimationView.swift */ = {isa = PBXFileReference; lastKnownFileType = sourcecode.swift; path = ShakeAnimationView.swift; sourceTree = "<group>"; };
		253CCA31212C97BC00C4AFED /* Event.swift */ = {isa = PBXFileReference; lastKnownFileType = sourcecode.swift; path = Event.swift; sourceTree = "<group>"; };
		253D92CC211B6D3500E381D2 /* ShadowRoundedView.swift */ = {isa = PBXFileReference; lastKnownFileType = sourcecode.swift; path = ShadowRoundedView.swift; sourceTree = "<group>"; };
		253D92CE211B7CC900E381D2 /* GradientView.swift */ = {isa = PBXFileReference; lastKnownFileType = sourcecode.swift; path = GradientView.swift; sourceTree = "<group>"; };
		253D92D0211C9D6900E381D2 /* RegisterViewController.swift */ = {isa = PBXFileReference; lastKnownFileType = sourcecode.swift; path = RegisterViewController.swift; sourceTree = "<group>"; };
		2542C9E5213C007100FCF041 /* ProfileImageView.swift */ = {isa = PBXFileReference; lastKnownFileType = sourcecode.swift; path = ProfileImageView.swift; sourceTree = "<group>"; };
		2542C9E8213C0EE600FCF041 /* LeftSidePanelTableViewCell.swift */ = {isa = PBXFileReference; lastKnownFileType = sourcecode.swift; path = LeftSidePanelTableViewCell.swift; sourceTree = "<group>"; };
		2542C9E9213C0EE600FCF041 /* LeftSidePanelTableViewCell.xib */ = {isa = PBXFileReference; lastKnownFileType = file.xib; path = LeftSidePanelTableViewCell.xib; sourceTree = "<group>"; };
		2542C9EC213C10DE00FCF041 /* Constants.swift */ = {isa = PBXFileReference; lastKnownFileType = sourcecode.swift; path = Constants.swift; sourceTree = "<group>"; };
		2542C9EF213C14CE00FCF041 /* Base */ = {isa = PBXFileReference; lastKnownFileType = file.xib; name = Base; path = Base.lproj/ProfileImageView.xib; sourceTree = "<group>"; };
		2542C9F2213C14D000FCF041 /* pl */ = {isa = PBXFileReference; lastKnownFileType = text.plist.strings; name = pl; path = pl.lproj/ProfileImageView.strings; sourceTree = "<group>"; };
		2542C9F3213C183600FCF041 /* MenuItem.swift */ = {isa = PBXFileReference; lastKnownFileType = sourcecode.swift; path = MenuItem.swift; sourceTree = "<group>"; };
		2542C9F5213C5FFE00FCF041 /* ProfileViewController.swift */ = {isa = PBXFileReference; lastKnownFileType = sourcecode.swift; path = ProfileViewController.swift; sourceTree = "<group>"; };
		2548FEB92124A7F800B881F5 /* ResetPasswordViewController.swift */ = {isa = PBXFileReference; lastKnownFileType = sourcecode.swift; path = ResetPasswordViewController.swift; sourceTree = "<group>"; };
		2548FEBB2124AF2900B881F5 /* PresentDetail.swift */ = {isa = PBXFileReference; lastKnownFileType = sourcecode.swift; path = PresentDetail.swift; sourceTree = "<group>"; };
		2548FEBD2125F16600B881F5 /* LoginViewController.swift */ = {isa = PBXFileReference; lastKnownFileType = sourcecode.swift; path = LoginViewController.swift; sourceTree = "<group>"; };
		2559B82C21283101006A5E5E /* Settings.swift */ = {isa = PBXFileReference; lastKnownFileType = sourcecode.swift; path = Settings.swift; sourceTree = "<group>"; };
		2559B82E21283170006A5E5E /* UserService.swift */ = {isa = PBXFileReference; lastKnownFileType = sourcecode.swift; path = UserService.swift; sourceTree = "<group>"; };
		2559B83021283348006A5E5E /* AuthService.swift */ = {isa = PBXFileReference; lastKnownFileType = sourcecode.swift; path = AuthService.swift; sourceTree = "<group>"; };
		2559B832212836B6006A5E5E /* RegistrationViewModel.swift */ = {isa = PBXFileReference; lastKnownFileType = sourcecode.swift; path = RegistrationViewModel.swift; sourceTree = "<group>"; };
		256896962131BACA0087E6E0 /* pl */ = {isa = PBXFileReference; lastKnownFileType = text.plist.strings; name = pl; path = pl.lproj/LaunchScreen.strings; sourceTree = "<group>"; };
		256896982131BB4A0087E6E0 /* Base */ = {isa = PBXFileReference; lastKnownFileType = text.plist.strings; name = Base; path = PickUp/Base.lproj/Localizable.strings; sourceTree = "<group>"; };
		2568969A2131BB5A0087E6E0 /* pl */ = {isa = PBXFileReference; lastKnownFileType = text.plist.strings; name = pl; path = PickUp/pl.lproj/Localizable.strings; sourceTree = "<group>"; };
		2568969C2131BD3A0087E6E0 /* Base */ = {isa = PBXFileReference; lastKnownFileType = file.xib; name = Base; path = Base.lproj/GenderCheckboxes.xib; sourceTree = "<group>"; };
		2568969F2131BD3B0087E6E0 /* pl */ = {isa = PBXFileReference; lastKnownFileType = text.plist.strings; name = pl; path = pl.lproj/GenderCheckboxes.strings; sourceTree = "<group>"; };
		256896A02131CB350087E6E0 /* LoginViewModel.swift */ = {isa = PBXFileReference; lastKnownFileType = sourcecode.swift; path = LoginViewModel.swift; sourceTree = "<group>"; };
		256DD55A210F96310097818E /* MainViewController.swift */ = {isa = PBXFileReference; lastKnownFileType = sourcecode.swift; path = MainViewController.swift; sourceTree = "<group>"; };
		2574865620F369D600FB3DF1 /* GoogleService-Info.plist */ = {isa = PBXFileReference; fileEncoding = 4; lastKnownFileType = text.plist.xml; name = "GoogleService-Info.plist"; path = "../../../../../Users/bartoszpawelczyk/Downloads/GoogleService-Info.plist"; sourceTree = "<group>"; };
		257BCD84213475EB007D57D4 /* ResetPasswordViewModel.swift */ = {isa = PBXFileReference; lastKnownFileType = sourcecode.swift; path = ResetPasswordViewModel.swift; sourceTree = "<group>"; };
		258262A9213AD51B0004CA11 /* SlideMenuViewController.swift */ = {isa = PBXFileReference; lastKnownFileType = sourcecode.swift; path = SlideMenuViewController.swift; sourceTree = "<group>"; };
		258262AB213AD5D40004CA11 /* LeftSidePanelViewController.swift */ = {isa = PBXFileReference; lastKnownFileType = sourcecode.swift; path = LeftSidePanelViewController.swift; sourceTree = "<group>"; };
		258262AD213AD81C0004CA11 /* CenterViewControllerDelegate.swift */ = {isa = PBXFileReference; lastKnownFileType = sourcecode.swift; path = CenterViewControllerDelegate.swift; sourceTree = "<group>"; };
		258262AF213B0A210004CA11 /* FadeToView.swift */ = {isa = PBXFileReference; lastKnownFileType = sourcecode.swift; path = FadeToView.swift; sourceTree = "<group>"; };
		259B4BCD20EF7DC2001DBB23 /* PickUp.app */ = {isa = PBXFileReference; explicitFileType = wrapper.application; includeInIndex = 0; path = PickUp.app; sourceTree = BUILT_PRODUCTS_DIR; };
		259B4BD020EF7DC2001DBB23 /* AppDelegate.swift */ = {isa = PBXFileReference; lastKnownFileType = sourcecode.swift; path = AppDelegate.swift; sourceTree = "<group>"; };
		259B4BD720EF7DC2001DBB23 /* Assets.xcassets */ = {isa = PBXFileReference; lastKnownFileType = folder.assetcatalog; path = Assets.xcassets; sourceTree = "<group>"; };
		259B4BDA20EF7DC2001DBB23 /* Base */ = {isa = PBXFileReference; lastKnownFileType = file.storyboard; name = Base; path = Base.lproj/LaunchScreen.storyboard; sourceTree = "<group>"; };
		259B4BDC20EF7DC2001DBB23 /* Info.plist */ = {isa = PBXFileReference; lastKnownFileType = text.plist.xml; path = Info.plist; sourceTree = "<group>"; };
		259B4BE120EF7DC3001DBB23 /* PickUpTests.xctest */ = {isa = PBXFileReference; explicitFileType = wrapper.cfbundle; includeInIndex = 0; path = PickUpTests.xctest; sourceTree = BUILT_PRODUCTS_DIR; };
		259B4BE520EF7DC3001DBB23 /* PickUpTests.swift */ = {isa = PBXFileReference; lastKnownFileType = sourcecode.swift; path = PickUpTests.swift; sourceTree = "<group>"; };
		259B4BE720EF7DC3001DBB23 /* Info.plist */ = {isa = PBXFileReference; lastKnownFileType = text.plist.xml; path = Info.plist; sourceTree = "<group>"; };
		25A51BD2213ACA6D00487501 /* MapViewController.swift */ = {isa = PBXFileReference; fileEncoding = 4; lastKnownFileType = sourcecode.swift; path = MapViewController.swift; sourceTree = "<group>"; };
		25CF9186211CC4B9009BD14C /* AddBorderToEdgeView.swift */ = {isa = PBXFileReference; lastKnownFileType = sourcecode.swift; path = AddBorderToEdgeView.swift; sourceTree = "<group>"; };
		25CF918D211CD21F009BD14C /* InitViewFromNIB.swift */ = {isa = PBXFileReference; lastKnownFileType = sourcecode.swift; path = InitViewFromNIB.swift; sourceTree = "<group>"; };
		3109EE263342C58568A5CE2B /* Pods-PickUpTests.release.xcconfig */ = {isa = PBXFileReference; includeInIndex = 1; lastKnownFileType = text.xcconfig; name = "Pods-PickUpTests.release.xcconfig"; path = "Pods/Target Support Files/Pods-PickUpTests/Pods-PickUpTests.release.xcconfig"; sourceTree = "<group>"; };
		44E0496C3048BAF6499F2CA3 /* Pods_PickUpTests.framework */ = {isa = PBXFileReference; explicitFileType = wrapper.framework; includeInIndex = 0; path = Pods_PickUpTests.framework; sourceTree = BUILT_PRODUCTS_DIR; };
		492D18D32500714050A0AA34 /* Pods_PickUp.framework */ = {isa = PBXFileReference; explicitFileType = wrapper.framework; includeInIndex = 0; path = Pods_PickUp.framework; sourceTree = BUILT_PRODUCTS_DIR; };
		4CFE59C742859531A4C902D4 /* Pods-PickUpTests.debug.xcconfig */ = {isa = PBXFileReference; includeInIndex = 1; lastKnownFileType = text.xcconfig; name = "Pods-PickUpTests.debug.xcconfig"; path = "Pods/Target Support Files/Pods-PickUpTests/Pods-PickUpTests.debug.xcconfig"; sourceTree = "<group>"; };
		81B2124B9F1532FFC02EE929 /* Pods-PickUp.release.xcconfig */ = {isa = PBXFileReference; includeInIndex = 1; lastKnownFileType = text.xcconfig; name = "Pods-PickUp.release.xcconfig"; path = "Pods/Target Support Files/Pods-PickUp/Pods-PickUp.release.xcconfig"; sourceTree = "<group>"; };
		DBDCF01E33932E6D6BB8FD8B /* Pods-PickUp.debug.xcconfig */ = {isa = PBXFileReference; includeInIndex = 1; lastKnownFileType = text.xcconfig; name = "Pods-PickUp.debug.xcconfig"; path = "Pods/Target Support Files/Pods-PickUp/Pods-PickUp.debug.xcconfig"; sourceTree = "<group>"; };
/* End PBXFileReference section */

/* Begin PBXFrameworksBuildPhase section */
		259B4BCA20EF7DC2001DBB23 /* Frameworks */ = {
			isa = PBXFrameworksBuildPhase;
			buildActionMask = 2147483647;
			files = (
				13800CCE3F10FF846B074459 /* Pods_PickUp.framework in Frameworks */,
			);
			runOnlyForDeploymentPostprocessing = 0;
		};
		259B4BDE20EF7DC3001DBB23 /* Frameworks */ = {
			isa = PBXFrameworksBuildPhase;
			buildActionMask = 2147483647;
			files = (
				BCBA09A189A51CC8D284CBB9 /* Pods_PickUpTests.framework in Frameworks */,
			);
			runOnlyForDeploymentPostprocessing = 0;
		};
/* End PBXFrameworksBuildPhase section */

/* Begin PBXGroup section */
		252C22522120B1EB0033814F /* Views */ = {
			isa = PBXGroup;
			children = (
				25CF9188211CCF5A009BD14C /* XIB's */,
				252C22532120B2070033814F /* GenderCheckboxesView.swift */,
				2542C9E5213C007100FCF041 /* ProfileImageView.swift */,
			);
			path = Views;
			sourceTree = "<group>";
		};
		252FD9FD211B4ECE005175EB /* Helpers */ = {
			isa = PBXGroup;
			children = (
				2536C4F3212DCEE10005A7EA /* Languages */,
				2559B82C21283101006A5E5E /* Settings.swift */,
				2542C9EC213C10DE00FCF041 /* Constants.swift */,
			);
			path = Helpers;
			sourceTree = "<group>";
		};
		253388DA2113A492005FBAD7 /* ViewControllers */ = {
			isa = PBXGroup;
			children = (
				25A51BD2213ACA6D00487501 /* MapViewController.swift */,
				256DD55A210F96310097818E /* MainViewController.swift */,
				2548FEBD2125F16600B881F5 /* LoginViewController.swift */,
				253D92D0211C9D6900E381D2 /* RegisterViewController.swift */,
				2548FEB92124A7F800B881F5 /* ResetPasswordViewController.swift */,
				258262A9213AD51B0004CA11 /* SlideMenuViewController.swift */,
				258262AB213AD5D40004CA11 /* LeftSidePanelViewController.swift */,
				2542C9F5213C5FFE00FCF041 /* ProfileViewController.swift */,
			);
			path = ViewControllers;
			sourceTree = "<group>";
		};
		253388DB2113A499005FBAD7 /* Cells */ = {
			isa = PBXGroup;
			children = (
				2542C9E7213C0EA600FCF041 /* XIB'S */,
				2542C9E8213C0EE600FCF041 /* LeftSidePanelTableViewCell.swift */,
			);
			path = Cells;
			sourceTree = "<group>";
		};
		2536C4F3212DCEE10005A7EA /* Languages */ = {
			isa = PBXGroup;
			children = (
				256896972131BB4A0087E6E0 /* Localizable.strings */,
			);
			path = Languages;
			sourceTree = "<group>";
		};
		2542C9E7213C0EA600FCF041 /* XIB'S */ = {
			isa = PBXGroup;
			children = (
				2542C9E9213C0EE600FCF041 /* LeftSidePanelTableViewCell.xib */,
			);
			path = "XIB'S";
			sourceTree = "<group>";
		};
		2548FEB2212492EF00B881F5 /* Protocols */ = {
			isa = PBXGroup;
			children = (
				258262AD213AD81C0004CA11 /* CenterViewControllerDelegate.swift */,
			);
			path = Protocols;
			sourceTree = "<group>";
		};
		2574865820F36B8400FB3DF1 /* Model */ = {
			isa = PBXGroup;
			children = (
				253CCA31212C97BC00C4AFED /* Event.swift */,
				2542C9F3213C183600FCF041 /* MenuItem.swift */,
			);
			path = Model;
			sourceTree = "<group>";
		};
		2574865920F36B8D00FB3DF1 /* View */ = {
			isa = PBXGroup;
			children = (
				252C22522120B1EB0033814F /* Views */,
				253388DB2113A499005FBAD7 /* Cells */,
				253388DA2113A492005FBAD7 /* ViewControllers */,
				253388DC2113A4C0005FBAD7 /* ControllersFactory.swift */,
				253388DE2113AAD9005FBAD7 /* BaseViewController.swift */,
			);
			path = View;
			sourceTree = "<group>";
		};
		2574865A20F36B9100FB3DF1 /* ViewModel */ = {
			isa = PBXGroup;
			children = (
				256896A02131CB350087E6E0 /* LoginViewModel.swift */,
				2559B832212836B6006A5E5E /* RegistrationViewModel.swift */,
				257BCD84213475EB007D57D4 /* ResetPasswordViewModel.swift */,
			);
			path = ViewModel;
			sourceTree = "<group>";
		};
		2574865B20F36B9500FB3DF1 /* Services */ = {
			isa = PBXGroup;
			children = (
				2559B82E21283170006A5E5E /* UserService.swift */,
				2559B83021283348006A5E5E /* AuthService.swift */,
			);
			path = Services;
			sourceTree = "<group>";
		};
		2574865C20F36B9A00FB3DF1 /* Extensions */ = {
			isa = PBXGroup;
			children = (
				252FD9FE211B4EF2005175EB /* UIColor.swift */,
				253D92CC211B6D3500E381D2 /* ShadowRoundedView.swift */,
				253D92CE211B7CC900E381D2 /* GradientView.swift */,
				25CF9186211CC4B9009BD14C /* AddBorderToEdgeView.swift */,
				25CF918D211CD21F009BD14C /* InitViewFromNIB.swift */,
				2548FEBB2124AF2900B881F5 /* PresentDetail.swift */,
				2536C4F5212DE0310005A7EA /* ShakeAnimationView.swift */,
				258262AF213B0A210004CA11 /* FadeToView.swift */,
			);
			path = Extensions;
			sourceTree = "<group>";
		};
		259B4BC420EF7DC2001DBB23 = {
			isa = PBXGroup;
			children = (
				259B4BCF20EF7DC2001DBB23 /* PickUp */,
				259B4BE420EF7DC3001DBB23 /* PickUpTests */,
				259B4BCE20EF7DC2001DBB23 /* Products */,
				4EE7E066CB6B830CDB74CF1A /* Pods */,
				92D982AF81346EE1D07F929E /* Frameworks */,
			);
			sourceTree = "<group>";
		};
		259B4BCE20EF7DC2001DBB23 /* Products */ = {
			isa = PBXGroup;
			children = (
				259B4BCD20EF7DC2001DBB23 /* PickUp.app */,
				259B4BE120EF7DC3001DBB23 /* PickUpTests.xctest */,
			);
			name = Products;
			sourceTree = "<group>";
		};
		259B4BCF20EF7DC2001DBB23 /* PickUp */ = {
			isa = PBXGroup;
			children = (
				252FD9FD211B4ECE005175EB /* Helpers */,
				2574865820F36B8400FB3DF1 /* Model */,
				2574865920F36B8D00FB3DF1 /* View */,
				2574865A20F36B9100FB3DF1 /* ViewModel */,
				2574865B20F36B9500FB3DF1 /* Services */,
				2548FEB2212492EF00B881F5 /* Protocols */,
				2574865C20F36B9A00FB3DF1 /* Extensions */,
				259B4BD020EF7DC2001DBB23 /* AppDelegate.swift */,
				259B4BD720EF7DC2001DBB23 /* Assets.xcassets */,
				259B4BD920EF7DC2001DBB23 /* LaunchScreen.storyboard */,
				259B4BDC20EF7DC2001DBB23 /* Info.plist */,
				2574865620F369D600FB3DF1 /* GoogleService-Info.plist */,
			);
			path = PickUp;
			sourceTree = "<group>";
		};
		259B4BE420EF7DC3001DBB23 /* PickUpTests */ = {
			isa = PBXGroup;
			children = (
				259B4BE520EF7DC3001DBB23 /* PickUpTests.swift */,
				259B4BE720EF7DC3001DBB23 /* Info.plist */,
			);
			path = PickUpTests;
			sourceTree = "<group>";
		};
		25CF9188211CCF5A009BD14C /* XIB's */ = {
			isa = PBXGroup;
			children = (
				2542C9F0213C14CE00FCF041 /* ProfileImageView.xib */,
				2568969D2131BD3A0087E6E0 /* GenderCheckboxes.xib */,
			);
			path = "XIB's";
			sourceTree = "<group>";
		};
		4EE7E066CB6B830CDB74CF1A /* Pods */ = {
			isa = PBXGroup;
			children = (
				DBDCF01E33932E6D6BB8FD8B /* Pods-PickUp.debug.xcconfig */,
				81B2124B9F1532FFC02EE929 /* Pods-PickUp.release.xcconfig */,
				4CFE59C742859531A4C902D4 /* Pods-PickUpTests.debug.xcconfig */,
				3109EE263342C58568A5CE2B /* Pods-PickUpTests.release.xcconfig */,
			);
			name = Pods;
			sourceTree = "<group>";
		};
		92D982AF81346EE1D07F929E /* Frameworks */ = {
			isa = PBXGroup;
			children = (
				492D18D32500714050A0AA34 /* Pods_PickUp.framework */,
				44E0496C3048BAF6499F2CA3 /* Pods_PickUpTests.framework */,
			);
			name = Frameworks;
			sourceTree = "<group>";
		};
/* End PBXGroup section */

/* Begin PBXNativeTarget section */
		259B4BCC20EF7DC2001DBB23 /* PickUp */ = {
			isa = PBXNativeTarget;
			buildConfigurationList = 259B4BEA20EF7DC3001DBB23 /* Build configuration list for PBXNativeTarget "PickUp" */;
			buildPhases = (
				867709AF258D65FFA7DEC72F /* [CP] Check Pods Manifest.lock */,
				259B4BC920EF7DC2001DBB23 /* Sources */,
				259B4BCA20EF7DC2001DBB23 /* Frameworks */,
				259B4BCB20EF7DC2001DBB23 /* Resources */,
				DFD90926B8CCA393B0B25037 /* [CP] Embed Pods Frameworks */,
				D34EF7813CE300BD10EA673F /* [CP] Copy Pods Resources */,
			);
			buildRules = (
			);
			dependencies = (
			);
			name = PickUp;
			productName = PickUp;
			productReference = 259B4BCD20EF7DC2001DBB23 /* PickUp.app */;
			productType = "com.apple.product-type.application";
		};
		259B4BE020EF7DC3001DBB23 /* PickUpTests */ = {
			isa = PBXNativeTarget;
			buildConfigurationList = 259B4BED20EF7DC3001DBB23 /* Build configuration list for PBXNativeTarget "PickUpTests" */;
			buildPhases = (
				D1376F913EA1BF4CE66BC7F8 /* [CP] Check Pods Manifest.lock */,
				259B4BDD20EF7DC3001DBB23 /* Sources */,
				259B4BDE20EF7DC3001DBB23 /* Frameworks */,
				259B4BDF20EF7DC3001DBB23 /* Resources */,
				E06BEA3AC759F784CCB4F87C /* [CP] Embed Pods Frameworks */,
				1265A2016230BC9781F47979 /* [CP] Copy Pods Resources */,
			);
			buildRules = (
			);
			dependencies = (
				259B4BE320EF7DC3001DBB23 /* PBXTargetDependency */,
			);
			name = PickUpTests;
			productName = PickUpTests;
			productReference = 259B4BE120EF7DC3001DBB23 /* PickUpTests.xctest */;
			productType = "com.apple.product-type.bundle.unit-test";
		};
/* End PBXNativeTarget section */

/* Begin PBXProject section */
		259B4BC520EF7DC2001DBB23 /* Project object */ = {
			isa = PBXProject;
			attributes = {
				LastSwiftUpdateCheck = 0940;
				LastUpgradeCheck = 0940;
				ORGANIZATIONNAME = "Bartosz Pawełczyk";
				TargetAttributes = {
					259B4BCC20EF7DC2001DBB23 = {
						CreatedOnToolsVersion = 9.4.1;
					};
					259B4BE020EF7DC3001DBB23 = {
						CreatedOnToolsVersion = 9.4.1;
						TestTargetID = 259B4BCC20EF7DC2001DBB23;
					};
				};
			};
			buildConfigurationList = 259B4BC820EF7DC2001DBB23 /* Build configuration list for PBXProject "PickUp" */;
			compatibilityVersion = "Xcode 9.3";
			developmentRegion = en;
			hasScannedForEncodings = 0;
			knownRegions = (
				en,
				Base,
				pl,
			);
			mainGroup = 259B4BC420EF7DC2001DBB23;
			productRefGroup = 259B4BCE20EF7DC2001DBB23 /* Products */;
			projectDirPath = "";
			projectRoot = "";
			targets = (
				259B4BCC20EF7DC2001DBB23 /* PickUp */,
				259B4BE020EF7DC3001DBB23 /* PickUpTests */,
			);
		};
/* End PBXProject section */

/* Begin PBXResourcesBuildPhase section */
		259B4BCB20EF7DC2001DBB23 /* Resources */ = {
			isa = PBXResourcesBuildPhase;
			buildActionMask = 2147483647;
			files = (
				2542C9EE213C14CE00FCF041 /* ProfileImageView.xib in Resources */,
				256896992131BB4A0087E6E0 /* Localizable.strings in Resources */,
				259B4BDB20EF7DC2001DBB23 /* LaunchScreen.storyboard in Resources */,
				2568969B2131BD3A0087E6E0 /* GenderCheckboxes.xib in Resources */,
				2574865720F369D600FB3DF1 /* GoogleService-Info.plist in Resources */,
				2528905E213B58BC002A189B /* Assets.xcassets in Resources */,
				2542C9EB213C0EE600FCF041 /* LeftSidePanelTableViewCell.xib in Resources */,
			);
			runOnlyForDeploymentPostprocessing = 0;
		};
		259B4BDF20EF7DC3001DBB23 /* Resources */ = {
			isa = PBXResourcesBuildPhase;
			buildActionMask = 2147483647;
			files = (
			);
			runOnlyForDeploymentPostprocessing = 0;
		};
/* End PBXResourcesBuildPhase section */

/* Begin PBXShellScriptBuildPhase section */
		1265A2016230BC9781F47979 /* [CP] Copy Pods Resources */ = {
			isa = PBXShellScriptBuildPhase;
			buildActionMask = 2147483647;
			files = (
			);
			inputPaths = (
			);
			name = "[CP] Copy Pods Resources";
			outputPaths = (
			);
			runOnlyForDeploymentPostprocessing = 0;
			shellPath = /bin/sh;
			shellScript = "\"${SRCROOT}/Pods/Target Support Files/Pods-PickUpTests/Pods-PickUpTests-resources.sh\"\n";
			showEnvVarsInLog = 0;
		};
		867709AF258D65FFA7DEC72F /* [CP] Check Pods Manifest.lock */ = {
			isa = PBXShellScriptBuildPhase;
			buildActionMask = 2147483647;
			files = (
			);
			inputPaths = (
				"${PODS_PODFILE_DIR_PATH}/Podfile.lock",
				"${PODS_ROOT}/Manifest.lock",
			);
			name = "[CP] Check Pods Manifest.lock";
			outputPaths = (
				"$(DERIVED_FILE_DIR)/Pods-PickUp-checkManifestLockResult.txt",
			);
			runOnlyForDeploymentPostprocessing = 0;
			shellPath = /bin/sh;
			shellScript = "diff \"${PODS_PODFILE_DIR_PATH}/Podfile.lock\" \"${PODS_ROOT}/Manifest.lock\" > /dev/null\nif [ $? != 0 ] ; then\n    # print error to STDERR\n    echo \"error: The sandbox is not in sync with the Podfile.lock. Run 'pod install' or update your CocoaPods installation.\" >&2\n    exit 1\nfi\n# This output is used by Xcode 'outputs' to avoid re-running this script phase.\necho \"SUCCESS\" > \"${SCRIPT_OUTPUT_FILE_0}\"\n";
			showEnvVarsInLog = 0;
		};
		D1376F913EA1BF4CE66BC7F8 /* [CP] Check Pods Manifest.lock */ = {
			isa = PBXShellScriptBuildPhase;
			buildActionMask = 2147483647;
			files = (
			);
			inputPaths = (
				"${PODS_PODFILE_DIR_PATH}/Podfile.lock",
				"${PODS_ROOT}/Manifest.lock",
			);
			name = "[CP] Check Pods Manifest.lock";
			outputPaths = (
				"$(DERIVED_FILE_DIR)/Pods-PickUpTests-checkManifestLockResult.txt",
			);
			runOnlyForDeploymentPostprocessing = 0;
			shellPath = /bin/sh;
			shellScript = "diff \"${PODS_PODFILE_DIR_PATH}/Podfile.lock\" \"${PODS_ROOT}/Manifest.lock\" > /dev/null\nif [ $? != 0 ] ; then\n    # print error to STDERR\n    echo \"error: The sandbox is not in sync with the Podfile.lock. Run 'pod install' or update your CocoaPods installation.\" >&2\n    exit 1\nfi\n# This output is used by Xcode 'outputs' to avoid re-running this script phase.\necho \"SUCCESS\" > \"${SCRIPT_OUTPUT_FILE_0}\"\n";
			showEnvVarsInLog = 0;
		};
		D34EF7813CE300BD10EA673F /* [CP] Copy Pods Resources */ = {
			isa = PBXShellScriptBuildPhase;
			buildActionMask = 2147483647;
			files = (
			);
			inputPaths = (
			);
			name = "[CP] Copy Pods Resources";
			outputPaths = (
			);
			runOnlyForDeploymentPostprocessing = 0;
			shellPath = /bin/sh;
			shellScript = "\"${SRCROOT}/Pods/Target Support Files/Pods-PickUp/Pods-PickUp-resources.sh\"\n";
			showEnvVarsInLog = 0;
		};
		DFD90926B8CCA393B0B25037 /* [CP] Embed Pods Frameworks */ = {
			isa = PBXShellScriptBuildPhase;
			buildActionMask = 2147483647;
			files = (
			);
			inputPaths = (
				"${SRCROOT}/Pods/Target Support Files/Pods-PickUp/Pods-PickUp-frameworks.sh",
				"${BUILT_PRODUCTS_DIR}/Alamofire/Alamofire.framework",
				"${BUILT_PRODUCTS_DIR}/BEMCheckBox/BEMCheckBox.framework",
				"${BUILT_PRODUCTS_DIR}/Bolts/Bolts.framework",
				"${BUILT_PRODUCTS_DIR}/FBSDKCoreKit/FBSDKCoreKit.framework",
				"${BUILT_PRODUCTS_DIR}/FBSDKLoginKit/FBSDKLoginKit.framework",
				"${BUILT_PRODUCTS_DIR}/GTMSessionFetcher/GTMSessionFetcher.framework",
				"${BUILT_PRODUCTS_DIR}/GoogleUtilities/GoogleUtilities.framework",
				"${BUILT_PRODUCTS_DIR}/IQKeyboardManagerSwift/IQKeyboardManagerSwift.framework",
				"${BUILT_PRODUCTS_DIR}/NVActivityIndicatorView/NVActivityIndicatorView.framework",
				"${BUILT_PRODUCTS_DIR}/Realm/Realm.framework",
				"${BUILT_PRODUCTS_DIR}/RealmSwift/RealmSwift.framework",
				"${BUILT_PRODUCTS_DIR}/RxCocoa/RxCocoa.framework",
				"${BUILT_PRODUCTS_DIR}/RxSwift/RxSwift.framework",
				"${BUILT_PRODUCTS_DIR}/SnapKit/SnapKit.framework",
				"${BUILT_PRODUCTS_DIR}/leveldb-library/leveldb.framework",
				"${BUILT_PRODUCTS_DIR}/nanopb/nanopb.framework",
			);
			name = "[CP] Embed Pods Frameworks";
			outputPaths = (
				"${TARGET_BUILD_DIR}/${FRAMEWORKS_FOLDER_PATH}/Alamofire.framework",
				"${TARGET_BUILD_DIR}/${FRAMEWORKS_FOLDER_PATH}/BEMCheckBox.framework",
				"${TARGET_BUILD_DIR}/${FRAMEWORKS_FOLDER_PATH}/Bolts.framework",
				"${TARGET_BUILD_DIR}/${FRAMEWORKS_FOLDER_PATH}/FBSDKCoreKit.framework",
				"${TARGET_BUILD_DIR}/${FRAMEWORKS_FOLDER_PATH}/FBSDKLoginKit.framework",
				"${TARGET_BUILD_DIR}/${FRAMEWORKS_FOLDER_PATH}/GTMSessionFetcher.framework",
				"${TARGET_BUILD_DIR}/${FRAMEWORKS_FOLDER_PATH}/GoogleUtilities.framework",
				"${TARGET_BUILD_DIR}/${FRAMEWORKS_FOLDER_PATH}/IQKeyboardManagerSwift.framework",
				"${TARGET_BUILD_DIR}/${FRAMEWORKS_FOLDER_PATH}/NVActivityIndicatorView.framework",
				"${TARGET_BUILD_DIR}/${FRAMEWORKS_FOLDER_PATH}/Realm.framework",
				"${TARGET_BUILD_DIR}/${FRAMEWORKS_FOLDER_PATH}/RealmSwift.framework",
				"${TARGET_BUILD_DIR}/${FRAMEWORKS_FOLDER_PATH}/RxCocoa.framework",
				"${TARGET_BUILD_DIR}/${FRAMEWORKS_FOLDER_PATH}/RxSwift.framework",
				"${TARGET_BUILD_DIR}/${FRAMEWORKS_FOLDER_PATH}/SnapKit.framework",
				"${TARGET_BUILD_DIR}/${FRAMEWORKS_FOLDER_PATH}/leveldb.framework",
				"${TARGET_BUILD_DIR}/${FRAMEWORKS_FOLDER_PATH}/nanopb.framework",
			);
			runOnlyForDeploymentPostprocessing = 0;
			shellPath = /bin/sh;
			shellScript = "\"${SRCROOT}/Pods/Target Support Files/Pods-PickUp/Pods-PickUp-frameworks.sh\"\n";
			showEnvVarsInLog = 0;
		};
		E06BEA3AC759F784CCB4F87C /* [CP] Embed Pods Frameworks */ = {
			isa = PBXShellScriptBuildPhase;
			buildActionMask = 2147483647;
			files = (
			);
			inputPaths = (
			);
			name = "[CP] Embed Pods Frameworks";
			outputPaths = (
			);
			runOnlyForDeploymentPostprocessing = 0;
			shellPath = /bin/sh;
			shellScript = "\"${SRCROOT}/Pods/Target Support Files/Pods-PickUpTests/Pods-PickUpTests-frameworks.sh\"\n";
			showEnvVarsInLog = 0;
		};
/* End PBXShellScriptBuildPhase section */

/* Begin PBXSourcesBuildPhase section */
		259B4BC920EF7DC2001DBB23 /* Sources */ = {
			isa = PBXSourcesBuildPhase;
			buildActionMask = 2147483647;
			files = (
				252C22542120B2070033814F /* GenderCheckboxesView.swift in Sources */,
				253388DF2113AAD9005FBAD7 /* BaseViewController.swift in Sources */,
				256896A12131CB350087E6E0 /* LoginViewModel.swift in Sources */,
				253D92CD211B6D3500E381D2 /* ShadowRoundedView.swift in Sources */,
				2536C4F6212DE0310005A7EA /* ShakeAnimationView.swift in Sources */,
				2542C9ED213C10DE00FCF041 /* Constants.swift in Sources */,
				2542C9F6213C5FFE00FCF041 /* ProfileViewController.swift in Sources */,
				2559B833212836B6006A5E5E /* RegistrationViewModel.swift in Sources */,
				253CCA32212C97BC00C4AFED /* Event.swift in Sources */,
				25A51BD3213ACA6D00487501 /* MapViewController.swift in Sources */,
				2542C9E6213C007100FCF041 /* ProfileImageView.swift in Sources */,
				2559B83121283348006A5E5E /* AuthService.swift in Sources */,
				257BCD85213475EB007D57D4 /* ResetPasswordViewModel.swift in Sources */,
				258262B0213B0A210004CA11 /* FadeToView.swift in Sources */,
				2548FEBE2125F16600B881F5 /* LoginViewController.swift in Sources */,
				252FD9FF211B4EF2005175EB /* UIColor.swift in Sources */,
				253D92D1211C9D6900E381D2 /* RegisterViewController.swift in Sources */,
				258262AA213AD51B0004CA11 /* SlideMenuViewController.swift in Sources */,
				258262AE213AD81C0004CA11 /* CenterViewControllerDelegate.swift in Sources */,
				2559B82F21283170006A5E5E /* UserService.swift in Sources */,
				2542C9EA213C0EE600FCF041 /* LeftSidePanelTableViewCell.swift in Sources */,
				256DD55B210F96310097818E /* MainViewController.swift in Sources */,
				253388DD2113A4C0005FBAD7 /* ControllersFactory.swift in Sources */,
				253D92CF211B7CC900E381D2 /* GradientView.swift in Sources */,
				2559B82D21283101006A5E5E /* Settings.swift in Sources */,
				2548FEBA2124A7F800B881F5 /* ResetPasswordViewController.swift in Sources */,
				258262AC213AD5D40004CA11 /* LeftSidePanelViewController.swift in Sources */,
				2548FEBC2124AF2900B881F5 /* PresentDetail.swift in Sources */,
				2542C9F4213C183600FCF041 /* MenuItem.swift in Sources */,
				25CF9187211CC4B9009BD14C /* AddBorderToEdgeView.swift in Sources */,
				25CF918E211CD21F009BD14C /* InitViewFromNIB.swift in Sources */,
				259B4BD120EF7DC2001DBB23 /* AppDelegate.swift in Sources */,
			);
			runOnlyForDeploymentPostprocessing = 0;
		};
		259B4BDD20EF7DC3001DBB23 /* Sources */ = {
			isa = PBXSourcesBuildPhase;
			buildActionMask = 2147483647;
			files = (
				259B4BE620EF7DC3001DBB23 /* PickUpTests.swift in Sources */,
			);
			runOnlyForDeploymentPostprocessing = 0;
		};
/* End PBXSourcesBuildPhase section */

/* Begin PBXTargetDependency section */
		259B4BE320EF7DC3001DBB23 /* PBXTargetDependency */ = {
			isa = PBXTargetDependency;
			target = 259B4BCC20EF7DC2001DBB23 /* PickUp */;
			targetProxy = 259B4BE220EF7DC3001DBB23 /* PBXContainerItemProxy */;
		};
/* End PBXTargetDependency section */

/* Begin PBXVariantGroup section */
		2542C9F0213C14CE00FCF041 /* ProfileImageView.xib */ = {
			isa = PBXVariantGroup;
			children = (
				2542C9EF213C14CE00FCF041 /* Base */,
				2542C9F2213C14D000FCF041 /* pl */,
			);
			name = ProfileImageView.xib;
			sourceTree = "<group>";
		};
		256896972131BB4A0087E6E0 /* Localizable.strings */ = {
			isa = PBXVariantGroup;
			children = (
				256896982131BB4A0087E6E0 /* Base */,
				2568969A2131BB5A0087E6E0 /* pl */,
			);
			name = Localizable.strings;
			sourceTree = "<group>";
		};
		2568969D2131BD3A0087E6E0 /* GenderCheckboxes.xib */ = {
			isa = PBXVariantGroup;
			children = (
				2568969C2131BD3A0087E6E0 /* Base */,
				2568969F2131BD3B0087E6E0 /* pl */,
			);
			name = GenderCheckboxes.xib;
			sourceTree = "<group>";
		};
		259B4BD920EF7DC2001DBB23 /* LaunchScreen.storyboard */ = {
			isa = PBXVariantGroup;
			children = (
				259B4BDA20EF7DC2001DBB23 /* Base */,
				256896962131BACA0087E6E0 /* pl */,
			);
			name = LaunchScreen.storyboard;
			sourceTree = "<group>";
		};
/* End PBXVariantGroup section */

/* Begin XCBuildConfiguration section */
		259B4BE820EF7DC3001DBB23 /* Debug */ = {
			isa = XCBuildConfiguration;
			buildSettings = {
				ALWAYS_SEARCH_USER_PATHS = NO;
				CLANG_ANALYZER_LOCALIZABILITY_NONLOCALIZED = YES;
				CLANG_ANALYZER_NONNULL = YES;
				CLANG_ANALYZER_NUMBER_OBJECT_CONVERSION = YES_AGGRESSIVE;
				CLANG_CXX_LANGUAGE_STANDARD = "gnu++14";
				CLANG_CXX_LIBRARY = "libc++";
				CLANG_ENABLE_MODULES = YES;
				CLANG_ENABLE_OBJC_ARC = YES;
				CLANG_ENABLE_OBJC_WEAK = YES;
				CLANG_WARN_BLOCK_CAPTURE_AUTORELEASING = YES;
				CLANG_WARN_BOOL_CONVERSION = YES;
				CLANG_WARN_COMMA = YES;
				CLANG_WARN_CONSTANT_CONVERSION = YES;
				CLANG_WARN_DEPRECATED_OBJC_IMPLEMENTATIONS = YES;
				CLANG_WARN_DIRECT_OBJC_ISA_USAGE = YES_ERROR;
				CLANG_WARN_DOCUMENTATION_COMMENTS = YES;
				CLANG_WARN_EMPTY_BODY = YES;
				CLANG_WARN_ENUM_CONVERSION = YES;
				CLANG_WARN_INFINITE_RECURSION = YES;
				CLANG_WARN_INT_CONVERSION = YES;
				CLANG_WARN_NON_LITERAL_NULL_CONVERSION = YES;
				CLANG_WARN_OBJC_IMPLICIT_RETAIN_SELF = YES;
				CLANG_WARN_OBJC_LITERAL_CONVERSION = YES;
				CLANG_WARN_OBJC_ROOT_CLASS = YES_ERROR;
				CLANG_WARN_RANGE_LOOP_ANALYSIS = YES;
				CLANG_WARN_STRICT_PROTOTYPES = YES;
				CLANG_WARN_SUSPICIOUS_MOVE = YES;
				CLANG_WARN_UNGUARDED_AVAILABILITY = YES_AGGRESSIVE;
				CLANG_WARN_UNREACHABLE_CODE = YES;
				CLANG_WARN__DUPLICATE_METHOD_MATCH = YES;
				CODE_SIGN_IDENTITY = "iPhone Developer";
				COPY_PHASE_STRIP = NO;
				DEBUG_INFORMATION_FORMAT = dwarf;
				ENABLE_STRICT_OBJC_MSGSEND = YES;
				ENABLE_TESTABILITY = YES;
				GCC_C_LANGUAGE_STANDARD = gnu11;
				GCC_DYNAMIC_NO_PIC = NO;
				GCC_NO_COMMON_BLOCKS = YES;
				GCC_OPTIMIZATION_LEVEL = 0;
				GCC_PREPROCESSOR_DEFINITIONS = (
					"DEBUG=1",
					"$(inherited)",
				);
				GCC_WARN_64_TO_32_BIT_CONVERSION = YES;
				GCC_WARN_ABOUT_RETURN_TYPE = YES_ERROR;
				GCC_WARN_UNDECLARED_SELECTOR = YES;
				GCC_WARN_UNINITIALIZED_AUTOS = YES_AGGRESSIVE;
				GCC_WARN_UNUSED_FUNCTION = YES;
				GCC_WARN_UNUSED_VARIABLE = YES;
				IPHONEOS_DEPLOYMENT_TARGET = 11.0;
				MTL_ENABLE_DEBUG_INFO = YES;
				ONLY_ACTIVE_ARCH = YES;
				SDKROOT = iphoneos;
				SWIFT_ACTIVE_COMPILATION_CONDITIONS = DEBUG;
				SWIFT_OPTIMIZATION_LEVEL = "-Onone";
				SWIFT_VERSION = 3.0;
			};
			name = Debug;
		};
		259B4BE920EF7DC3001DBB23 /* Release */ = {
			isa = XCBuildConfiguration;
			buildSettings = {
				ALWAYS_SEARCH_USER_PATHS = NO;
				CLANG_ANALYZER_LOCALIZABILITY_NONLOCALIZED = YES;
				CLANG_ANALYZER_NONNULL = YES;
				CLANG_ANALYZER_NUMBER_OBJECT_CONVERSION = YES_AGGRESSIVE;
				CLANG_CXX_LANGUAGE_STANDARD = "gnu++14";
				CLANG_CXX_LIBRARY = "libc++";
				CLANG_ENABLE_MODULES = YES;
				CLANG_ENABLE_OBJC_ARC = YES;
				CLANG_ENABLE_OBJC_WEAK = YES;
				CLANG_WARN_BLOCK_CAPTURE_AUTORELEASING = YES;
				CLANG_WARN_BOOL_CONVERSION = YES;
				CLANG_WARN_COMMA = YES;
				CLANG_WARN_CONSTANT_CONVERSION = YES;
				CLANG_WARN_DEPRECATED_OBJC_IMPLEMENTATIONS = YES;
				CLANG_WARN_DIRECT_OBJC_ISA_USAGE = YES_ERROR;
				CLANG_WARN_DOCUMENTATION_COMMENTS = YES;
				CLANG_WARN_EMPTY_BODY = YES;
				CLANG_WARN_ENUM_CONVERSION = YES;
				CLANG_WARN_INFINITE_RECURSION = YES;
				CLANG_WARN_INT_CONVERSION = YES;
				CLANG_WARN_NON_LITERAL_NULL_CONVERSION = YES;
				CLANG_WARN_OBJC_IMPLICIT_RETAIN_SELF = YES;
				CLANG_WARN_OBJC_LITERAL_CONVERSION = YES;
				CLANG_WARN_OBJC_ROOT_CLASS = YES_ERROR;
				CLANG_WARN_RANGE_LOOP_ANALYSIS = YES;
				CLANG_WARN_STRICT_PROTOTYPES = YES;
				CLANG_WARN_SUSPICIOUS_MOVE = YES;
				CLANG_WARN_UNGUARDED_AVAILABILITY = YES_AGGRESSIVE;
				CLANG_WARN_UNREACHABLE_CODE = YES;
				CLANG_WARN__DUPLICATE_METHOD_MATCH = YES;
				CODE_SIGN_IDENTITY = "iPhone Developer";
				COPY_PHASE_STRIP = NO;
				DEBUG_INFORMATION_FORMAT = "dwarf-with-dsym";
				ENABLE_NS_ASSERTIONS = NO;
				ENABLE_STRICT_OBJC_MSGSEND = YES;
				GCC_C_LANGUAGE_STANDARD = gnu11;
				GCC_NO_COMMON_BLOCKS = YES;
				GCC_WARN_64_TO_32_BIT_CONVERSION = YES;
				GCC_WARN_ABOUT_RETURN_TYPE = YES_ERROR;
				GCC_WARN_UNDECLARED_SELECTOR = YES;
				GCC_WARN_UNINITIALIZED_AUTOS = YES_AGGRESSIVE;
				GCC_WARN_UNUSED_FUNCTION = YES;
				GCC_WARN_UNUSED_VARIABLE = YES;
				IPHONEOS_DEPLOYMENT_TARGET = 11.0;
				MTL_ENABLE_DEBUG_INFO = NO;
				SDKROOT = iphoneos;
				SWIFT_COMPILATION_MODE = wholemodule;
				SWIFT_OPTIMIZATION_LEVEL = "-O";
				SWIFT_VERSION = 3.0;
				VALIDATE_PRODUCT = YES;
			};
			name = Release;
		};
		259B4BEB20EF7DC3001DBB23 /* Debug */ = {
			isa = XCBuildConfiguration;
			baseConfigurationReference = DBDCF01E33932E6D6BB8FD8B /* Pods-PickUp.debug.xcconfig */;
			buildSettings = {
				ASSETCATALOG_COMPILER_APPICON_NAME = AppIcon;
				CODE_SIGN_STYLE = Automatic;
				DEVELOPMENT_TEAM = B49P7Y77SE;
				INFOPLIST_FILE = PickUp/Info.plist;
				LD_RUNPATH_SEARCH_PATHS = (
					"$(inherited)",
					"@executable_path/Frameworks",
				);
				PRODUCT_BUNDLE_IDENTIFIER = pl.BartoszPawelczyk.PickUp;
				PRODUCT_NAME = "$(TARGET_NAME)";
				SWIFT_OPTIMIZATION_LEVEL = "-Onone";
				SWIFT_VERSION = 4.0;
				TARGETED_DEVICE_FAMILY = "1,2";
			};
			name = Debug;
		};
		259B4BEC20EF7DC3001DBB23 /* Release */ = {
			isa = XCBuildConfiguration;
			baseConfigurationReference = 81B2124B9F1532FFC02EE929 /* Pods-PickUp.release.xcconfig */;
			buildSettings = {
				ASSETCATALOG_COMPILER_APPICON_NAME = AppIcon;
				CODE_SIGN_STYLE = Automatic;
				DEVELOPMENT_TEAM = B49P7Y77SE;
				INFOPLIST_FILE = PickUp/Info.plist;
				LD_RUNPATH_SEARCH_PATHS = (
					"$(inherited)",
					"@executable_path/Frameworks",
				);
				PRODUCT_BUNDLE_IDENTIFIER = pl.BartoszPawelczyk.PickUp;
				PRODUCT_NAME = "$(TARGET_NAME)";
				SWIFT_OPTIMIZATION_LEVEL = "-O";
				SWIFT_VERSION = 4.0;
				TARGETED_DEVICE_FAMILY = "1,2";
			};
			name = Release;
		};
		259B4BEE20EF7DC3001DBB23 /* Debug */ = {
			isa = XCBuildConfiguration;
			baseConfigurationReference = 4CFE59C742859531A4C902D4 /* Pods-PickUpTests.debug.xcconfig */;
			buildSettings = {
				ALWAYS_EMBED_SWIFT_STANDARD_LIBRARIES = YES;
				BUNDLE_LOADER = "$(TEST_HOST)";
				CODE_SIGN_STYLE = Automatic;
				DEVELOPMENT_TEAM = B49P7Y77SE;
				INFOPLIST_FILE = PickUpTests/Info.plist;
				LD_RUNPATH_SEARCH_PATHS = (
					"$(inherited)",
					"@executable_path/Frameworks",
					"@loader_path/Frameworks",
				);
				PRODUCT_BUNDLE_IDENTIFIER = pl.BartoszPawelczyk.PickUpTests;
				PRODUCT_NAME = "$(TARGET_NAME)";
				SWIFT_VERSION = 4.0;
				TARGETED_DEVICE_FAMILY = "1,2";
				TEST_HOST = "$(BUILT_PRODUCTS_DIR)/PickUp.app/PickUp";
			};
			name = Debug;
		};
		259B4BEF20EF7DC3001DBB23 /* Release */ = {
			isa = XCBuildConfiguration;
			baseConfigurationReference = 3109EE263342C58568A5CE2B /* Pods-PickUpTests.release.xcconfig */;
			buildSettings = {
				ALWAYS_EMBED_SWIFT_STANDARD_LIBRARIES = YES;
				BUNDLE_LOADER = "$(TEST_HOST)";
				CODE_SIGN_STYLE = Automatic;
				DEVELOPMENT_TEAM = B49P7Y77SE;
				INFOPLIST_FILE = PickUpTests/Info.plist;
				LD_RUNPATH_SEARCH_PATHS = (
					"$(inherited)",
					"@executable_path/Frameworks",
					"@loader_path/Frameworks",
				);
				PRODUCT_BUNDLE_IDENTIFIER = pl.BartoszPawelczyk.PickUpTests;
				PRODUCT_NAME = "$(TARGET_NAME)";
				SWIFT_VERSION = 4.0;
				TARGETED_DEVICE_FAMILY = "1,2";
				TEST_HOST = "$(BUILT_PRODUCTS_DIR)/PickUp.app/PickUp";
			};
			name = Release;
		};
/* End XCBuildConfiguration section */

/* Begin XCConfigurationList section */
		259B4BC820EF7DC2001DBB23 /* Build configuration list for PBXProject "PickUp" */ = {
			isa = XCConfigurationList;
			buildConfigurations = (
				259B4BE820EF7DC3001DBB23 /* Debug */,
				259B4BE920EF7DC3001DBB23 /* Release */,
			);
			defaultConfigurationIsVisible = 0;
			defaultConfigurationName = Release;
		};
		259B4BEA20EF7DC3001DBB23 /* Build configuration list for PBXNativeTarget "PickUp" */ = {
			isa = XCConfigurationList;
			buildConfigurations = (
				259B4BEB20EF7DC3001DBB23 /* Debug */,
				259B4BEC20EF7DC3001DBB23 /* Release */,
			);
			defaultConfigurationIsVisible = 0;
			defaultConfigurationName = Release;
		};
		259B4BED20EF7DC3001DBB23 /* Build configuration list for PBXNativeTarget "PickUpTests" */ = {
			isa = XCConfigurationList;
			buildConfigurations = (
				259B4BEE20EF7DC3001DBB23 /* Debug */,
				259B4BEF20EF7DC3001DBB23 /* Release */,
			);
			defaultConfigurationIsVisible = 0;
			defaultConfigurationName = Release;
		};
/* End XCConfigurationList section */
	};
	rootObject = 259B4BC520EF7DC2001DBB23 /* Project object */;
}
